
Microsoft Visual Studio Solution File, Format Version 12.00
# Visual Studio 15
VisualStudioVersion = 15.0.28307.572
MinimumVisualStudioVersion = 10.0.40219.1
Project("{FAE04EC0-301F-11D3-BF4B-00C04F79EFBC}") = "Kryptografia2", "Kryptografia2\Kryptografia2.csproj", "{2278743B-34B1-4606-A93A-1AB8BA6B8F4C}"
EndProject
Global
	GlobalSection(SolutionConfigurationPlatforms) = preSolution
		Debug|Any CPU = Debug|Any CPU
		Release|Any CPU = Release|Any CPU
	EndGlobalSection
	GlobalSection(ProjectConfigurationPlatforms) = postSolution
		{2278743B-34B1-4606-A93A-1AB8BA6B8F4C}.Debug|Any CPU.ActiveCfg = Debug|Any CPU
		{2278743B-34B1-4606-A93A-1AB8BA6B8F4C}.Debug|Any CPU.Build.0 = Debug|Any CPU
		{2278743B-34B1-4606-A93A-1AB8BA6B8F4C}.Release|Any CPU.ActiveCfg = Release|Any CPU
		{2278743B-34B1-4606-A93A-1AB8BA6B8F4C}.Release|Any CPU.Build.0 = Release|Any CPU
	EndGlobalSection
	GlobalSection(SolutionProperties) = preSolution
		HideSolutionNode = FALSE
	EndGlobalSection
	GlobalSection(ExtensibilityGlobals) = postSolution
		SolutionGuid = {5DA4F591-8E2C-4A63-95CE-9C053616D192}
	EndGlobalSection
EndGlobal
